
Microsoft Visual Studio Solution File, Format Version 12.00
# Visual Studio Version 17
VisualStudioVersion = 17.7.34221.43
MinimumVisualStudioVersion = 10.0.40219.1
Project("{FAE04EC0-301F-11D3-BF4B-00C04F79EFBC}") = "Examen_Alejandro", "Examen_Alejandro\Examen_Alejandro.csproj", "{585389B8-AC13-4744-A3DF-6AF25C061F03}"
EndProject
Global
	GlobalSection(SolutionConfigurationPlatforms) = preSolution
		Debug|Any CPU = Debug|Any CPU
		Release|Any CPU = Release|Any CPU
	EndGlobalSection
	GlobalSection(ProjectConfigurationPlatforms) = postSolution
		{585389B8-AC13-4744-A3DF-6AF25C061F03}.Debug|Any CPU.ActiveCfg = Debug|Any CPU
		{585389B8-AC13-4744-A3DF-6AF25C061F03}.Debug|Any CPU.Build.0 = Debug|Any CPU
		{585389B8-AC13-4744-A3DF-6AF25C061F03}.Release|Any CPU.ActiveCfg = Release|Any CPU
		{585389B8-AC13-4744-A3DF-6AF25C061F03}.Release|Any CPU.Build.0 = Release|Any CPU
	EndGlobalSection
	GlobalSection(SolutionProperties) = preSolution
		HideSolutionNode = FALSE
	EndGlobalSection
	GlobalSection(ExtensibilityGlobals) = postSolution
		SolutionGuid = {E41DE73A-4D9A-4FF6-B866-459260B6CE82}
	EndGlobalSection
EndGlobal
